
Microsoft Visual Studio Solution File, Format Version 12.00
# Visual Studio 15
VisualStudioVersion = 15.0.28307.136
MinimumVisualStudioVersion = 10.0.40219.1
Project("{FAE04EC0-301F-11D3-BF4B-00C04F79EFBC}") = "MethodsExercise3", "MethodsExercise3\MethodsExercise3.csproj", "{D183BA72-DCE6-46C8-A888-2E72EDBFDF05}"
EndProject
Global
	GlobalSection(SolutionConfigurationPlatforms) = preSolution
		Debug|Any CPU = Debug|Any CPU
		Release|Any CPU = Release|Any CPU
	EndGlobalSection
	GlobalSection(ProjectConfigurationPlatforms) = postSolution
		{D183BA72-DCE6-46C8-A888-2E72EDBFDF05}.Debug|Any CPU.ActiveCfg = Debug|Any CPU
		{D183BA72-DCE6-46C8-A888-2E72EDBFDF05}.Debug|Any CPU.Build.0 = Debug|Any CPU
		{D183BA72-DCE6-46C8-A888-2E72EDBFDF05}.Release|Any CPU.ActiveCfg = Release|Any CPU
		{D183BA72-DCE6-46C8-A888-2E72EDBFDF05}.Release|Any CPU.Build.0 = Release|Any CPU
	EndGlobalSection
	GlobalSection(SolutionProperties) = preSolution
		HideSolutionNode = FALSE
	EndGlobalSection
	GlobalSection(ExtensibilityGlobals) = postSolution
		SolutionGuid = {FE275360-3FE0-4B1C-AE83-689A3A91BC3D}
	EndGlobalSection
EndGlobal
