
Microsoft Visual Studio Solution File, Format Version 12.00
# Visual Studio 15
VisualStudioVersion = 15.0.28307.136
MinimumVisualStudioVersion = 10.0.40219.1
Project("{FAE04EC0-301F-11D3-BF4B-00C04F79EFBC}") = "IntroMethodsLecture", "IntroMethodsLecture\IntroMethodsLecture.csproj", "{69671189-4426-41E4-B6CF-A4B31D4045EB}"
EndProject
Global
	GlobalSection(SolutionConfigurationPlatforms) = preSolution
		Debug|Any CPU = Debug|Any CPU
		Release|Any CPU = Release|Any CPU
	EndGlobalSection
	GlobalSection(ProjectConfigurationPlatforms) = postSolution
		{69671189-4426-41E4-B6CF-A4B31D4045EB}.Debug|Any CPU.ActiveCfg = Debug|Any CPU
		{69671189-4426-41E4-B6CF-A4B31D4045EB}.Debug|Any CPU.Build.0 = Debug|Any CPU
		{69671189-4426-41E4-B6CF-A4B31D4045EB}.Release|Any CPU.ActiveCfg = Release|Any CPU
		{69671189-4426-41E4-B6CF-A4B31D4045EB}.Release|Any CPU.Build.0 = Release|Any CPU
	EndGlobalSection
	GlobalSection(SolutionProperties) = preSolution
		HideSolutionNode = FALSE
	EndGlobalSection
	GlobalSection(ExtensibilityGlobals) = postSolution
		SolutionGuid = {A61287BE-10A2-4E55-AEA7-00085944EBA0}
	EndGlobalSection
EndGlobal
