
Microsoft Visual Studio Solution File, Format Version 12.00
# Visual Studio 15
VisualStudioVersion = 15.0.28307.136
MinimumVisualStudioVersion = 10.0.40219.1
Project("{FAE04EC0-301F-11D3-BF4B-00C04F79EFBC}") = "IntroExercise", "IntroExercise\IntroExercise.csproj", "{16F366D0-E5E9-49E5-A57F-2D543AA31A1B}"
EndProject
Global
	GlobalSection(SolutionConfigurationPlatforms) = preSolution
		Debug|Any CPU = Debug|Any CPU
		Release|Any CPU = Release|Any CPU
	EndGlobalSection
	GlobalSection(ProjectConfigurationPlatforms) = postSolution
		{16F366D0-E5E9-49E5-A57F-2D543AA31A1B}.Debug|Any CPU.ActiveCfg = Debug|Any CPU
		{16F366D0-E5E9-49E5-A57F-2D543AA31A1B}.Debug|Any CPU.Build.0 = Debug|Any CPU
		{16F366D0-E5E9-49E5-A57F-2D543AA31A1B}.Release|Any CPU.ActiveCfg = Release|Any CPU
		{16F366D0-E5E9-49E5-A57F-2D543AA31A1B}.Release|Any CPU.Build.0 = Release|Any CPU
	EndGlobalSection
	GlobalSection(SolutionProperties) = preSolution
		HideSolutionNode = FALSE
	EndGlobalSection
	GlobalSection(ExtensibilityGlobals) = postSolution
		SolutionGuid = {AC1B4593-963C-404F-AC6E-8D228D9ACA2B}
	EndGlobalSection
EndGlobal
