
Microsoft Visual Studio Solution File, Format Version 12.00
# Visual Studio 15
VisualStudioVersion = 15.0.28307.136
MinimumVisualStudioVersion = 10.0.40219.1
Project("{FAE04EC0-301F-11D3-BF4B-00C04F79EFBC}") = "UserInputLecture", "UserInputLecture\UserInputLecture.csproj", "{E635A290-5A25-4F59-A202-C56AFC3006C0}"
EndProject
Global
	GlobalSection(SolutionConfigurationPlatforms) = preSolution
		Debug|Any CPU = Debug|Any CPU
		Release|Any CPU = Release|Any CPU
	EndGlobalSection
	GlobalSection(ProjectConfigurationPlatforms) = postSolution
		{E635A290-5A25-4F59-A202-C56AFC3006C0}.Debug|Any CPU.ActiveCfg = Debug|Any CPU
		{E635A290-5A25-4F59-A202-C56AFC3006C0}.Debug|Any CPU.Build.0 = Debug|Any CPU
		{E635A290-5A25-4F59-A202-C56AFC3006C0}.Release|Any CPU.ActiveCfg = Release|Any CPU
		{E635A290-5A25-4F59-A202-C56AFC3006C0}.Release|Any CPU.Build.0 = Release|Any CPU
	EndGlobalSection
	GlobalSection(SolutionProperties) = preSolution
		HideSolutionNode = FALSE
	EndGlobalSection
	GlobalSection(ExtensibilityGlobals) = postSolution
		SolutionGuid = {14A8D13A-D82C-457C-B311-BD98CF0FA14D}
	EndGlobalSection
EndGlobal
