
Microsoft Visual Studio Solution File, Format Version 12.00
# Visual Studio 15
VisualStudioVersion = 15.0.28307.136
MinimumVisualStudioVersion = 10.0.40219.1
Project("{FAE04EC0-301F-11D3-BF4B-00C04F79EFBC}") = "OOPExercise2", "OOPExercise2\OOPExercise2.csproj", "{192F0C27-2C7E-458B-9E5A-A5FC5D5F1996}"
EndProject
Global
	GlobalSection(SolutionConfigurationPlatforms) = preSolution
		Debug|Any CPU = Debug|Any CPU
		Release|Any CPU = Release|Any CPU
	EndGlobalSection
	GlobalSection(ProjectConfigurationPlatforms) = postSolution
		{192F0C27-2C7E-458B-9E5A-A5FC5D5F1996}.Debug|Any CPU.ActiveCfg = Debug|Any CPU
		{192F0C27-2C7E-458B-9E5A-A5FC5D5F1996}.Debug|Any CPU.Build.0 = Debug|Any CPU
		{192F0C27-2C7E-458B-9E5A-A5FC5D5F1996}.Release|Any CPU.ActiveCfg = Release|Any CPU
		{192F0C27-2C7E-458B-9E5A-A5FC5D5F1996}.Release|Any CPU.Build.0 = Release|Any CPU
	EndGlobalSection
	GlobalSection(SolutionProperties) = preSolution
		HideSolutionNode = FALSE
	EndGlobalSection
	GlobalSection(ExtensibilityGlobals) = postSolution
		SolutionGuid = {CFA36E0D-28FA-4851-83C1-69B3DDAE852F}
	EndGlobalSection
EndGlobal
